
Microsoft Visual Studio Solution File, Format Version 12.00
# Visual Studio Version 16
VisualStudioVersion = 16.0.32630.194
MinimumVisualStudioVersion = 10.0.40219.1
Project("{9A19103F-16F7-4668-BE54-9A1E7A4F7556}") = "CurrencyConverterAPI", "CurrencyConverterAPI\CurrencyConverterAPI.csproj", "{0BDA5548-1B62-455D-A453-66FB1E2710B6}"
EndProject
Project("{9A19103F-16F7-4668-BE54-9A1E7A4F7556}") = "CurrencyConverterApp", "CurrencyConverterApp\CurrencyConverterApp.csproj", "{005E404C-7D07-44AC-B4BB-5AC28080DD05}"
EndProject
Global
	GlobalSection(SolutionConfigurationPlatforms) = preSolution
		Debug|Any CPU = Debug|Any CPU
		Release|Any CPU = Release|Any CPU
	EndGlobalSection
	GlobalSection(ProjectConfigurationPlatforms) = postSolution
		{0BDA5548-1B62-455D-A453-66FB1E2710B6}.Debug|Any CPU.ActiveCfg = Debug|Any CPU
		{0BDA5548-1B62-455D-A453-66FB1E2710B6}.Debug|Any CPU.Build.0 = Debug|Any CPU
		{0BDA5548-1B62-455D-A453-66FB1E2710B6}.Release|Any CPU.ActiveCfg = Release|Any CPU
		{0BDA5548-1B62-455D-A453-66FB1E2710B6}.Release|Any CPU.Build.0 = Release|Any CPU
		{005E404C-7D07-44AC-B4BB-5AC28080DD05}.Debug|Any CPU.ActiveCfg = Debug|Any CPU
		{005E404C-7D07-44AC-B4BB-5AC28080DD05}.Debug|Any CPU.Build.0 = Debug|Any CPU
		{005E404C-7D07-44AC-B4BB-5AC28080DD05}.Release|Any CPU.ActiveCfg = Release|Any CPU
		{005E404C-7D07-44AC-B4BB-5AC28080DD05}.Release|Any CPU.Build.0 = Release|Any CPU
	EndGlobalSection
	GlobalSection(SolutionProperties) = preSolution
		HideSolutionNode = FALSE
	EndGlobalSection
	GlobalSection(ExtensibilityGlobals) = postSolution
		SolutionGuid = {BA8E5548-1DA3-4AEE-A1CE-870703E75310}
	EndGlobalSection
EndGlobal
